{
  "name": "ecolife-frontend",
  "lockfileVersion": 2,
  "requires": true,
  "packages": {
    "": {
      "name": "ecolife-frontend",
      "version": "1.0.0",
      "dependencies": {
        "@testing-library/jest-dom": "^5.16.4",
        "@testing-library/react": "^12.1.2",
        "@testing-library/user-event": "^13.2.1",
        "@types/jest": "^27.4.0",
        "@types/node": "^16.11.11",
        "@types/react": "^17.0.37",
        "@types/react-dom": "^17.0.11",
        "react": "^17.0.2",
        "react-dom": "^17.0.2",
        "react-scripts": "5.0.0",
        "typescript": "^4.4.4",
        "web-vitals": "^2.1.2"
      }
    },
    "node_modules/react": {
      "version": "17.0.2",
      "resolved": "https://registry.npmjs.org/react/-/react-17.0.2.tgz",
      "integrity": "sha512-aL0a4gdP/hOxOAcGy+JQDBQfdpfAcyU9eyI51tIbh/F5i1A/lldDJq1RIpESbTWOB0Z+6JJeOTvb3eN8WkSIAg==",
      "dependencies": {
        "loose-envify": "^1.1.0",
        "object-assign": "^4.1.1"
      }
    },
    "node_modules/typescript": {
      "version": "4.4.4",
      "resolved": "https://registry.npmjs.org/typescript/-/typescript-4.4.4.tgz",
      "integrity": "sha512-ckb8FJxzuDEvR+Hr5hFyZVBKkMIaaW1RFA1O36bF67eMj1y5RM+GFGYsVS9K95FW9g8eRT3iebbLF7LsiwEwQw=="
    }
  },
  "dependencies": {
    "react": {
      "version": "17.0.2",
      "resolved": "https://registry.npmjs.org/react/-/react-17.0.2.tgz",
      "integrity": "sha512-aL0a4gdP/hOxOAcGy+JQDBQfdpfAcyU9eyI51tIbh/F5i1A/lldDJq1RIpESbTWOB0Z+6JJeOTvb3eN8WkSIAg=="
    },
    "typescript": {
      "version": "4.4.4",
      "resolved": "https://registry.npmjs.org/typescript/-/typescript-4.4.4.tgz",
      "integrity": "sha512-ckb8FJxzuDEvR+Hr5hFyZVBKkMIaaW1RFA1O36bF67eMj1y5RM+GFGYsVS9K95FW9g8eRT3iebbLF7LsiwEwQw=="
    }
  }
}
